
Microsoft Visual Studio Solution File, Format Version 12.00
# Visual Studio Version 17
VisualStudioVersion = 17.11.35303.130
MinimumVisualStudioVersion = 10.0.40219.1
Project("{9A19103F-16F7-4668-BE54-9A1E7A4F7556}") = "Application.Domain", "Application.Domain\Application.Domain.csproj", "{D28C27CD-DB65-4DF5-956A-DA6693743C63}"
EndProject
Project("{FAE04EC0-301F-11D3-BF4B-00C04F79EFBC}") = "Infrastructure", "Infrastructure\Infrastructure.csproj", "{FE505C39-B974-4EA1-A6CA-4C2C0ED1CC09}"
EndProject
Project("{FAE04EC0-301F-11D3-BF4B-00C04F79EFBC}") = "Application.API", "Application.API\Application.API.csproj", "{CE08DC32-0CA7-440A-800A-3595E2F7F77D}"
EndProject
Global
	GlobalSection(SolutionConfigurationPlatforms) = preSolution
		Debug|Any CPU = Debug|Any CPU
		Release|Any CPU = Release|Any CPU
	EndGlobalSection
	GlobalSection(ProjectConfigurationPlatforms) = postSolution
		{D28C27CD-DB65-4DF5-956A-DA6693743C63}.Debug|Any CPU.ActiveCfg = Debug|Any CPU
		{D28C27CD-DB65-4DF5-956A-DA6693743C63}.Debug|Any CPU.Build.0 = Debug|Any CPU
		{D28C27CD-DB65-4DF5-956A-DA6693743C63}.Release|Any CPU.ActiveCfg = Release|Any CPU
		{D28C27CD-DB65-4DF5-956A-DA6693743C63}.Release|Any CPU.Build.0 = Release|Any CPU
		{FE505C39-B974-4EA1-A6CA-4C2C0ED1CC09}.Debug|Any CPU.ActiveCfg = Debug|Any CPU
		{FE505C39-B974-4EA1-A6CA-4C2C0ED1CC09}.Debug|Any CPU.Build.0 = Debug|Any CPU
		{FE505C39-B974-4EA1-A6CA-4C2C0ED1CC09}.Release|Any CPU.ActiveCfg = Release|Any CPU
		{FE505C39-B974-4EA1-A6CA-4C2C0ED1CC09}.Release|Any CPU.Build.0 = Release|Any CPU
		{CE08DC32-0CA7-440A-800A-3595E2F7F77D}.Debug|Any CPU.ActiveCfg = Debug|Any CPU
		{CE08DC32-0CA7-440A-800A-3595E2F7F77D}.Debug|Any CPU.Build.0 = Debug|Any CPU
		{CE08DC32-0CA7-440A-800A-3595E2F7F77D}.Release|Any CPU.ActiveCfg = Release|Any CPU
		{CE08DC32-0CA7-440A-800A-3595E2F7F77D}.Release|Any CPU.Build.0 = Release|Any CPU
	EndGlobalSection
	GlobalSection(SolutionProperties) = preSolution
		HideSolutionNode = FALSE
	EndGlobalSection
	GlobalSection(ExtensibilityGlobals) = postSolution
		SolutionGuid = {1A48E948-D708-432D-A2B0-95B980050C3D}
	EndGlobalSection
EndGlobal
